lockfileVersion: '6.0'

settings:
  autoInstallPeers: true
  excludeLinksFromLockfile: false

importers:

  .:
    dependencies:
      '@earendil-works/gondolin':
        specifier: workspace:*
        version: link:host
    devDependencies:
      prettier:
        specifier: ^3.8.1
        version: 3.8.1
      typescript:
        specifier: ^5.7.3
        version: 5.9.3

  host:
    dependencies:
      cbor2:
        specifier: ^2.3.0
        version: 2.3.0
      node-forge:
        specifier: ^1.3.3
        version: 1.3.3
      ssh2:
        specifier: ^1.17.0
        version: 1.17.0
      undici:
        specifier: ^8.10.0
        version: 8.10.0
    optionalDependencies:
      '@earendil-works/gondolin-krun-runner-darwin-arm64':
        specifier: 0.12.0
        version: link:../packages/gondolin-krun-runner-darwin-arm64
      '@earendil-works/gondolin-krun-runner-linux-x64':
        specifier: 0.12.0
        version: link:../packages/gondolin-krun-runner-linux-x64
    devDependencies:
      '@types/node':
        specifier: ^22.10.7
        version: 22.19.8
      '@types/node-forge':
        specifier: ^1.3.14
        version: 1.3.14
      '@types/ssh2':
        specifier: ^1.15.5
        version: 1.15.5
      typescript:
        specifier: ^5.7.3
        version: 5.9.3

  packages/gondolin-krun-runner-darwin-arm64: {}

  packages/gondolin-krun-runner-linux-x64: {}

packages:

  /@cto.af/wtf8@0.0.5:
    resolution: {integrity: sha512-LfUFi+Vv4eDzj+XAtR89e3wwjXA/NZjUSwU5NhwbBrLecxPaBYFy3exCuc1j+D4UZeOVdqlsl8G7LmOt18V0tg==}
    engines: {node: '>=20'}
    dev: false

  /@types/node-forge@1.3.14:
    resolution: {integrity: sha512-mhVF2BnD4BO+jtOp7z1CdzaK4mbuK0LLQYAvdOLqHTavxFNq4zA1EmYkpnFjP8HOUzedfQkRnp0E2ulSAYSzAw==}
    dependencies:
      '@types/node': 22.19.8
    dev: true

  /@types/node@18.19.130:
    resolution: {integrity: sha512-GRaXQx6jGfL8sKfaIDD6OupbIHBr9jv7Jnaml9tB7l4v068PAOXqfcujMMo5PhbIs6ggR1XODELqahT2R8v0fg==}
    dependencies:
      undici-types: 5.26.5
    dev: true

  /@types/node@22.19.8:
    resolution: {integrity: sha512-ebO/Yl+EAvVe8DnMfi+iaAyIqYdK0q/q0y0rw82INWEKJOBe6b/P3YWE8NW7oOlF/nXFNrHwhARrN/hdgDkraA==}
    dependencies:
      undici-types: 6.21.0
    dev: true

  /@types/ssh2@1.15.5:
    resolution: {integrity: sha512-N1ASjp/nXH3ovBHddRJpli4ozpk6UdDYIX4RJWFa9L1YKnzdhTlVmiGHm4DZnj/jLbqZpes4aeR30EFGQtvhQQ==}
    dependencies:
      '@types/node': 18.19.130
    dev: true

  /asn1@0.2.6:
    resolution: {integrity: sha512-ix/FxPn0MDjeyJ7i/yoHGFt/EX6LyNbxSEhPPXODPL+KB0VPk86UYfL0lMdy+KCnv+fmvIzySwaK5COwqVbWTQ==}
    dependencies:
      safer-buffer: 2.1.2
    dev: false

  /bcrypt-pbkdf@1.0.2:
    resolution: {integrity: sha512-qeFIXtP4MSoi6NLqO12WfqARWWuCKi2Rn/9hJLEmtB5yTNr9DqFWkJRCf2qShWzPeAMRnOgCrq0sg/KLv5ES9w==}
    dependencies:
      tweetnacl: 0.14.5
    dev: false

  /buildcheck@0.0.7:
    resolution: {integrity: sha512-lHblz4ahamxpTmnsk+MNTRWsjYKv965MwOrSJyeD588rR3Jcu7swE+0wN5F+PbL5cjgu/9ObkhfzEPuofEMwLA==}
    engines: {node: '>=10.0.0'}
    requiresBuild: true
    dev: false
    optional: true

  /cbor2@2.3.0:
    resolution: {integrity: sha512-76WB3hq8BoaGkMkBVJ27fW5LJU+qqDLEpgRNCG/SYKhODWXpVPOTD4UcUto3IEzYLA52nsvbhb0wabhHDn3qXg==}
    engines: {node: '>=20'}
    dependencies:
      '@cto.af/wtf8': 0.0.5
    dev: false

  /cpu-features@0.0.10:
    resolution: {integrity: sha512-9IkYqtX3YHPCzoVg1Py+o9057a3i0fp7S530UWokCSaFVTc7CwXPRiOjRjBQQ18ZCNafx78YfnG+HALxtVmOGA==}
    engines: {node: '>=10.0.0'}
    requiresBuild: true
    dependencies:
      buildcheck: 0.0.7
      nan: 2.25.0
    dev: false
    optional: true

  /nan@2.25.0:
    resolution: {integrity: sha512-0M90Ag7Xn5KMLLZ7zliPWP3rT90P6PN+IzVFS0VqmnPktBk3700xUVv8Ikm9EUaUE5SDWdp/BIxdENzVznpm1g==}
    requiresBuild: true
    dev: false
    optional: true

  /node-forge@1.3.3:
    resolution: {integrity: sha512-rLvcdSyRCyouf6jcOIPe/BgwG/d7hKjzMKOas33/pHEr6gbq18IK9zV7DiPvzsz0oBJPme6qr6H6kGZuI9/DZg==}
    engines: {node: '>= 6.13.0'}
    dev: false

  /prettier@3.8.1:
    resolution: {integrity: sha512-UOnG6LftzbdaHZcKoPFtOcCKztrQ57WkHDeRD9t/PTQtmT0NHSeWWepj6pS0z/N7+08BHFDQVUrfmfMRcZwbMg==}
    engines: {node: '>=14'}
    hasBin: true
    dev: true

  /safer-buffer@2.1.2:
    resolution: {integrity: sha512-YZo3K82SD7Riyi0E1EQPojLz7kpepnSQI9IyPbHHg1XXXevb5dJI7tpyN2ADxGcQbHG7vcyRHk0cbwqcQriUtg==}
    dev: false

  /ssh2@1.17.0:
    resolution: {integrity: sha512-wPldCk3asibAjQ/kziWQQt1Wh3PgDFpC0XpwclzKcdT1vql6KeYxf5LIt4nlFkUeR8WuphYMKqUA56X4rjbfgQ==}
    engines: {node: '>=10.16.0'}
    requiresBuild: true
    dependencies:
      asn1: 0.2.6
      bcrypt-pbkdf: 1.0.2
    optionalDependencies:
      cpu-features: 0.0.10
      nan: 2.25.0
    dev: false

  /tweetnacl@0.14.5:
    resolution: {integrity: sha512-KXXFFdAbFXY4geFIwoyNK+f5Z1b7swfXABfL7HXCmoIWMKU3dmS26672A4EeQtDzLKy7SXmfBu51JolvEKwtGA==}
    dev: false

  /typescript@5.9.3:
    resolution: {integrity: sha512-jl1vZzPDinLr9eUt3J/t7V6FgNEw9QjvBPdysz9KfQDD41fQrC2Y4vKQdiaUpFT4bXlb1RHhLpp8wtm6M5TgSw==}
    engines: {node: '>=14.17'}
    hasBin: true
    dev: true

  /undici-types@5.26.5:
    resolution: {integrity: sha512-JlCMO+ehdEIKqlFxk6IfVoAUVmgz7cU7zD/h9XZ0qzeosSHmUJVOzSQvvYSYWXkFXC+IfLKSIffhv0sVZup6pA==}
    dev: true

  /undici-types@6.21.0:
    resolution: {integrity: sha512-iwDZqg0QAGrg9Rav5H4n0M64c3mkR59cJ6wQp+7C4nI0gsmExaedaYLNO44eT4AtBBwjbTiGPMlt2Md0T9H9JQ==}
    dev: true

  /undici@8.10.0:
    resolution: {integrity: sha512-HvltHd7avK13QIw/oLe4qoOLyoVSoafqJ2jYOrtMRBkbYT31eiBQ8O0ehRKZiEZCMEyLFQNIADpgCWC5fALvYQ==}
    engines: {node: '>=22.19.0'}
    dev: false
